
Microsoft Visual Studio Solution File, Format Version 12.00
# Visual Studio Version 17
VisualStudioVersion = 17.0.31903.59
MinimumVisualStudioVersion = 10.0.40219.1
Project("{2150E333-8FDC-42A3-9474-1A3956D46DE8}") = "externals", "externals", "{49668F40-3271-4A21-A860-8C6496E00124}"
EndProject
Project("{2150E333-8FDC-42A3-9474-1A3956D46DE8}") = "examples", "examples", "{4D3E643D-3FEB-4571-AD1F-8B84313411A2}"
EndProject
Project("{9A19103F-16F7-4668-BE54-9A1E7A4F7556}") = "InstancePropertyExample", "examples\InstancePropertyExample\InstancePropertyExample.csproj", "{6DA4542E-A31A-422C-815F-ABEFB4F00295}"
EndProject
Project("{9A19103F-16F7-4668-BE54-9A1E7A4F7556}") = "AutoBindExample", "examples\AutoBindExample\AutoBindExample.csproj", "{C5400387-BD0A-4E24-80B7-C532A8D1A216}"
EndProject
Project("{9A19103F-16F7-4668-BE54-9A1E7A4F7556}") = "J4JCommandLine", "J4JCommandLine\J4JCommandLine.csproj", "{A2FE588F-0375-45B3-AA3E-02EDB2446F85}"
EndProject
Project("{9A19103F-16F7-4668-BE54-9A1E7A4F7556}") = "Test.J4JCommandLine", "Test.J4JCommandLine\Test.J4JCommandLine.csproj", "{59EAF16A-A5F5-45E2-A75A-76B4AD6A8B17}"
EndProject
Project("{9A19103F-16F7-4668-BE54-9A1E7A4F7556}") = "StaticPropertyExample", "examples\StaticPropertyExample\StaticPropertyExample.csproj", "{7985FAD5-17DC-40AD-90A9-40A7CC903743}"
EndProject
Project("{9A19103F-16F7-4668-BE54-9A1E7A4F7556}") = "ColorfulHelp", "ColorfulHelp\ColorfulHelp.csproj", "{27E8F8C7-D9C0-4C13-A57F-087C7D2E3DE1}"
EndProject
Project("{9A19103F-16F7-4668-BE54-9A1E7A4F7556}") = "NoHostExample", "examples\NoHostExample\NoHostExample.csproj", "{1BA9A459-4ABF-49F6-B910-D264241BC3D1}"
EndProject
Project("{FAE04EC0-301F-11D3-BF4B-00C04F79EFBC}") = "GeneralUtilities", "..\ProgrammingUtilities\GeneralUtilities\src\GeneralUtilities.csproj", "{56BA7E52-5C5E-9C2F-8D37-3D5666E6AE9F}"
EndProject
Global
	GlobalSection(SolutionConfigurationPlatforms) = preSolution
		Debug|Any CPU = Debug|Any CPU
		Release|Any CPU = Release|Any CPU
	EndGlobalSection
	GlobalSection(ProjectConfigurationPlatforms) = postSolution
		{6DA4542E-A31A-422C-815F-ABEFB4F00295}.Debug|Any CPU.ActiveCfg = Debug|Any CPU
		{6DA4542E-A31A-422C-815F-ABEFB4F00295}.Debug|Any CPU.Build.0 = Debug|Any CPU
		{6DA4542E-A31A-422C-815F-ABEFB4F00295}.Release|Any CPU.ActiveCfg = Release|Any CPU
		{6DA4542E-A31A-422C-815F-ABEFB4F00295}.Release|Any CPU.Build.0 = Release|Any CPU
		{C5400387-BD0A-4E24-80B7-C532A8D1A216}.Debug|Any CPU.ActiveCfg = Debug|Any CPU
		{C5400387-BD0A-4E24-80B7-C532A8D1A216}.Debug|Any CPU.Build.0 = Debug|Any CPU
		{C5400387-BD0A-4E24-80B7-C532A8D1A216}.Release|Any CPU.ActiveCfg = Release|Any CPU
		{C5400387-BD0A-4E24-80B7-C532A8D1A216}.Release|Any CPU.Build.0 = Release|Any CPU
		{A2FE588F-0375-45B3-AA3E-02EDB2446F85}.Debug|Any CPU.ActiveCfg = Debug|Any CPU
		{A2FE588F-0375-45B3-AA3E-02EDB2446F85}.Debug|Any CPU.Build.0 = Debug|Any CPU
		{A2FE588F-0375-45B3-AA3E-02EDB2446F85}.Release|Any CPU.ActiveCfg = Release|Any CPU
		{A2FE588F-0375-45B3-AA3E-02EDB2446F85}.Release|Any CPU.Build.0 = Release|Any CPU
		{59EAF16A-A5F5-45E2-A75A-76B4AD6A8B17}.Debug|Any CPU.ActiveCfg = Debug|Any CPU
		{59EAF16A-A5F5-45E2-A75A-76B4AD6A8B17}.Debug|Any CPU.Build.0 = Debug|Any CPU
		{59EAF16A-A5F5-45E2-A75A-76B4AD6A8B17}.Release|Any CPU.ActiveCfg = Release|Any CPU
		{59EAF16A-A5F5-45E2-A75A-76B4AD6A8B17}.Release|Any CPU.Build.0 = Release|Any CPU
		{7985FAD5-17DC-40AD-90A9-40A7CC903743}.Debug|Any CPU.ActiveCfg = Debug|Any CPU
		{7985FAD5-17DC-40AD-90A9-40A7CC903743}.Debug|Any CPU.Build.0 = Debug|Any CPU
		{7985FAD5-17DC-40AD-90A9-40A7CC903743}.Release|Any CPU.ActiveCfg = Release|Any CPU
		{7985FAD5-17DC-40AD-90A9-40A7CC903743}.Release|Any CPU.Build.0 = Release|Any CPU
		{27E8F8C7-D9C0-4C13-A57F-087C7D2E3DE1}.Debug|Any CPU.ActiveCfg = Debug|Any CPU
		{27E8F8C7-D9C0-4C13-A57F-087C7D2E3DE1}.Debug|Any CPU.Build.0 = Debug|Any CPU
		{27E8F8C7-D9C0-4C13-A57F-087C7D2E3DE1}.Release|Any CPU.ActiveCfg = Release|Any CPU
		{27E8F8C7-D9C0-4C13-A57F-087C7D2E3DE1}.Release|Any CPU.Build.0 = Release|Any CPU
		{1BA9A459-4ABF-49F6-B910-D264241BC3D1}.Debug|Any CPU.ActiveCfg = Debug|Any CPU
		{1BA9A459-4ABF-49F6-B910-D264241BC3D1}.Debug|Any CPU.Build.0 = Debug|Any CPU
		{1BA9A459-4ABF-49F6-B910-D264241BC3D1}.Release|Any CPU.ActiveCfg = Release|Any CPU
		{1BA9A459-4ABF-49F6-B910-D264241BC3D1}.Release|Any CPU.Build.0 = Release|Any CPU
		{56BA7E52-5C5E-9C2F-8D37-3D5666E6AE9F}.Debug|Any CPU.ActiveCfg = Debug|Any CPU
		{56BA7E52-5C5E-9C2F-8D37-3D5666E6AE9F}.Debug|Any CPU.Build.0 = Debug|Any CPU
		{56BA7E52-5C5E-9C2F-8D37-3D5666E6AE9F}.Release|Any CPU.ActiveCfg = Release|Any CPU
		{56BA7E52-5C5E-9C2F-8D37-3D5666E6AE9F}.Release|Any CPU.Build.0 = Release|Any CPU
	EndGlobalSection
	GlobalSection(SolutionProperties) = preSolution
		HideSolutionNode = FALSE
	EndGlobalSection
	GlobalSection(NestedProjects) = preSolution
		{6DA4542E-A31A-422C-815F-ABEFB4F00295} = {4D3E643D-3FEB-4571-AD1F-8B84313411A2}
		{C5400387-BD0A-4E24-80B7-C532A8D1A216} = {4D3E643D-3FEB-4571-AD1F-8B84313411A2}
		{7985FAD5-17DC-40AD-90A9-40A7CC903743} = {4D3E643D-3FEB-4571-AD1F-8B84313411A2}
		{1BA9A459-4ABF-49F6-B910-D264241BC3D1} = {4D3E643D-3FEB-4571-AD1F-8B84313411A2}
		{56BA7E52-5C5E-9C2F-8D37-3D5666E6AE9F} = {49668F40-3271-4A21-A860-8C6496E00124}
	EndGlobalSection
	GlobalSection(ExtensibilityGlobals) = postSolution
		SolutionGuid = {F40695CC-CF6A-4293-81A1-04D389611E2D}
	EndGlobalSection
EndGlobal
