
Microsoft Visual Studio Solution File, Format Version 12.00
# Visual Studio Version 16
VisualStudioVersion = 16.0.30011.22
MinimumVisualStudioVersion = 10.0.40219.1
Project("{9A19103F-16F7-4668-BE54-9A1E7A4F7556}") = "J4JCommandLine", "J4JCommandLine\J4JCommandLine.csproj", "{6BAF4933-2008-47EC-A2D0-110AF694B8AE}"
EndProject
Project("{2150E333-8FDC-42A3-9474-1A3956D46DE8}") = "externals", "externals", "{49668F40-3271-4A21-A860-8C6496E00124}"
EndProject
Project("{9A19103F-16F7-4668-BE54-9A1E7A4F7556}") = "J4JCommandLine.Tests", "J4JCommandLine.Tests\J4JCommandLine.Tests.csproj", "{719FF724-C0F9-45C2-842D-901688480603}"
EndProject
Project("{9A19103F-16F7-4668-BE54-9A1E7A4F7556}") = "J4JLogging", "..\J4JLogging\J4JLogging\J4JLogging.csproj", "{AABAFC45-5BF3-4A55-8723-034039B4A068}"
EndProject
Project("{9A19103F-16F7-4668-BE54-9A1E7A4F7556}") = "ConsoleChannel", "..\J4JLogging\ConsoleChannel\ConsoleChannel.csproj", "{E8151AFD-9B85-4DA9-8651-F15DAEA5D962}"
EndProject
Project("{9A19103F-16F7-4668-BE54-9A1E7A4F7556}") = "FileChannel", "..\J4JLogging\FileChannel\FileChannel.csproj", "{C33F0781-1F2A-43B8-B3C6-7B69EA196826}"
EndProject
Global
	GlobalSection(SolutionConfigurationPlatforms) = preSolution
		Debug|Any CPU = Debug|Any CPU
		Release|Any CPU = Release|Any CPU
	EndGlobalSection
	GlobalSection(ProjectConfigurationPlatforms) = postSolution
		{6BAF4933-2008-47EC-A2D0-110AF694B8AE}.Debug|Any CPU.ActiveCfg = Debug|Any CPU
		{6BAF4933-2008-47EC-A2D0-110AF694B8AE}.Debug|Any CPU.Build.0 = Debug|Any CPU
		{6BAF4933-2008-47EC-A2D0-110AF694B8AE}.Release|Any CPU.ActiveCfg = Release|Any CPU
		{6BAF4933-2008-47EC-A2D0-110AF694B8AE}.Release|Any CPU.Build.0 = Release|Any CPU
		{719FF724-C0F9-45C2-842D-901688480603}.Debug|Any CPU.ActiveCfg = Debug|Any CPU
		{719FF724-C0F9-45C2-842D-901688480603}.Debug|Any CPU.Build.0 = Debug|Any CPU
		{719FF724-C0F9-45C2-842D-901688480603}.Release|Any CPU.ActiveCfg = Release|Any CPU
		{719FF724-C0F9-45C2-842D-901688480603}.Release|Any CPU.Build.0 = Release|Any CPU
		{AABAFC45-5BF3-4A55-8723-034039B4A068}.Debug|Any CPU.ActiveCfg = Debug|Any CPU
		{AABAFC45-5BF3-4A55-8723-034039B4A068}.Debug|Any CPU.Build.0 = Debug|Any CPU
		{AABAFC45-5BF3-4A55-8723-034039B4A068}.Release|Any CPU.ActiveCfg = Release|Any CPU
		{AABAFC45-5BF3-4A55-8723-034039B4A068}.Release|Any CPU.Build.0 = Release|Any CPU
		{E8151AFD-9B85-4DA9-8651-F15DAEA5D962}.Debug|Any CPU.ActiveCfg = Debug|Any CPU
		{E8151AFD-9B85-4DA9-8651-F15DAEA5D962}.Debug|Any CPU.Build.0 = Debug|Any CPU
		{E8151AFD-9B85-4DA9-8651-F15DAEA5D962}.Release|Any CPU.ActiveCfg = Release|Any CPU
		{E8151AFD-9B85-4DA9-8651-F15DAEA5D962}.Release|Any CPU.Build.0 = Release|Any CPU
		{C33F0781-1F2A-43B8-B3C6-7B69EA196826}.Debug|Any CPU.ActiveCfg = Debug|Any CPU
		{C33F0781-1F2A-43B8-B3C6-7B69EA196826}.Debug|Any CPU.Build.0 = Debug|Any CPU
		{C33F0781-1F2A-43B8-B3C6-7B69EA196826}.Release|Any CPU.ActiveCfg = Release|Any CPU
		{C33F0781-1F2A-43B8-B3C6-7B69EA196826}.Release|Any CPU.Build.0 = Release|Any CPU
	EndGlobalSection
	GlobalSection(SolutionProperties) = preSolution
		HideSolutionNode = FALSE
	EndGlobalSection
	GlobalSection(NestedProjects) = preSolution
		{AABAFC45-5BF3-4A55-8723-034039B4A068} = {49668F40-3271-4A21-A860-8C6496E00124}
		{E8151AFD-9B85-4DA9-8651-F15DAEA5D962} = {49668F40-3271-4A21-A860-8C6496E00124}
		{C33F0781-1F2A-43B8-B3C6-7B69EA196826} = {49668F40-3271-4A21-A860-8C6496E00124}
	EndGlobalSection
	GlobalSection(ExtensibilityGlobals) = postSolution
		SolutionGuid = {F40695CC-CF6A-4293-81A1-04D389611E2D}
	EndGlobalSection
EndGlobal
